// !$*UTF8*$!
{
	archiveVersion = 1;
	classes = {
	};
	objectVersion = 50;
	objects = {

/* Begin PBXBuildFile section */
		5B435C822224EC0C0082ADCF /* QuestionViewController.swift in Sources */ = {isa = PBXBuildFile; fileRef = 5B435C812224EC0C0082ADCF /* QuestionViewController.swift */; };
		5B435C8422253F1E0082ADCF /* AnswerViewController.swift in Sources */ = {isa = PBXBuildFile; fileRef = 5B435C8322253F1E0082ADCF /* AnswerViewController.swift */; };
		5B435C862225441C0082ADCF /* FinishedViewController.swift in Sources */ = {isa = PBXBuildFile; fileRef = 5B435C852225441C0082ADCF /* FinishedViewController.swift */; };
		5B435C892225AD2B0082ADCF /* reachability.swift in Sources */ = {isa = PBXBuildFile; fileRef = 5B435C872225AD270082ADCF /* reachability.swift */; };
		5BB557D52224CDF90094A68B /* QuizTableViewCell.swift in Sources */ = {isa = PBXBuildFile; fileRef = 5BB557D42224CDF90094A68B /* QuizTableViewCell.swift */; };
		5BE83B9C221F0AC0007AC793 /* AppDelegate.swift in Sources */ = {isa = PBXBuildFile; fileRef = 5BE83B9B221F0AC0007AC793 /* AppDelegate.swift */; };
		5BE83B9E221F0AC0007AC793 /* ViewController.swift in Sources */ = {isa = PBXBuildFile; fileRef = 5BE83B9D221F0AC0007AC793 /* ViewController.swift */; };
		5BE83BA1221F0AC0007AC793 /* Main.storyboard in Resources */ = {isa = PBXBuildFile; fileRef = 5BE83B9F221F0AC0007AC793 /* Main.storyboard */; };
		5BE83BA3221F0AC1007AC793 /* Assets.xcassets in Resources */ = {isa = PBXBuildFile; fileRef = 5BE83BA2221F0AC1007AC793 /* Assets.xcassets */; };
		5BE83BA6221F0AC1007AC793 /* LaunchScreen.storyboard in Resources */ = {isa = PBXBuildFile; fileRef = 5BE83BA4221F0AC1007AC793 /* LaunchScreen.storyboard */; };
		5BE83BB1221F0AC1007AC793 /* iQuizTests.swift in Sources */ = {isa = PBXBuildFile; fileRef = 5BE83BB0221F0AC1007AC793 /* iQuizTests.swift */; };
		5BE83BBC221F0AC1007AC793 /* iQuizUITests.swift in Sources */ = {isa = PBXBuildFile; fileRef = 5BE83BBB221F0AC1007AC793 /* iQuizUITests.swift */; };
/* End PBXBuildFile section */

/* Begin PBXContainerItemProxy section */
		5BE83BAD221F0AC1007AC793 /* PBXContainerItemProxy */ = {
			isa = PBXContainerItemProxy;
			containerPortal = 5BE83B90221F0AC0007AC793 /* Project object */;
			proxyType = 1;
			remoteGlobalIDString = 5BE83B97221F0AC0007AC793;
			remoteInfo = iQuiz;
		};
		5BE83BB8221F0AC1007AC793 /* PBXContainerItemProxy */ = {
			isa = PBXContainerItemProxy;
			containerPortal = 5BE83B90221F0AC0007AC793 /* Project object */;
			proxyType = 1;
			remoteGlobalIDString = 5BE83B97221F0AC0007AC793;
			remoteInfo = iQuiz;
		};
/* End PBXContainerItemProxy section */

/* Begin PBXFileReference section */
		5B435C812224EC0C0082ADCF /* QuestionViewController.swift */ = {isa = PBXFileReference; lastKnownFileType = sourcecode.swift; path = QuestionViewController.swift; sourceTree = "<group>"; };
		5B435C8322253F1E0082ADCF /* AnswerViewController.swift */ = {isa = PBXFileReference; lastKnownFileType = sourcecode.swift; path = AnswerViewController.swift; sourceTree = "<group>"; };
		5B435C852225441C0082ADCF /* FinishedViewController.swift */ = {isa = PBXFileReference; lastKnownFileType = sourcecode.swift; path = FinishedViewController.swift; sourceTree = "<group>"; };
		5B435C872225AD270082ADCF /* reachability.swift */ = {isa = PBXFileReference; lastKnownFileType = sourcecode.swift; path = reachability.swift; sourceTree = "<group>"; };
		5BB557D42224CDF90094A68B /* QuizTableViewCell.swift */ = {isa = PBXFileReference; lastKnownFileType = sourcecode.swift; path = QuizTableViewCell.swift; sourceTree = "<group>"; };
		5BE83B98221F0AC0007AC793 /* iQuiz.app */ = {isa = PBXFileReference; explicitFileType = wrapper.application; includeInIndex = 0; path = iQuiz.app; sourceTree = BUILT_PRODUCTS_DIR; };
		5BE83B9B221F0AC0007AC793 /* AppDelegate.swift */ = {isa = PBXFileReference; lastKnownFileType = sourcecode.swift; path = AppDelegate.swift; sourceTree = "<group>"; };
		5BE83B9D221F0AC0007AC793 /* ViewController.swift */ = {isa = PBXFileReference; lastKnownFileType = sourcecode.swift; path = ViewController.swift; sourceTree = "<group>"; };
		5BE83BA0221F0AC0007AC793 /* Base */ = {isa = PBXFileReference; lastKnownFileType = file.storyboard; name = Base; path = Base.lproj/Main.storyboard; sourceTree = "<group>"; };
		5BE83BA2221F0AC1007AC793 /* Assets.xcassets */ = {isa = PBXFileReference; lastKnownFileType = folder.assetcatalog; path = Assets.xcassets; sourceTree = "<group>"; };
		5BE83BA5221F0AC1007AC793 /* Base */ = {isa = PBXFileReference; lastKnownFileType = file.storyboard; name = Base; path = Base.lproj/LaunchScreen.storyboard; sourceTree = "<group>"; };
		5BE83BA7221F0AC1007AC793 /* Info.plist */ = {isa = PBXFileReference; lastKnownFileType = text.plist.xml; path = Info.plist; sourceTree = "<group>"; };
		5BE83BAC221F0AC1007AC793 /* iQuizTests.xctest */ = {isa = PBXFileReference; explicitFileType = wrapper.cfbundle; includeInIndex = 0; path = iQuizTests.xctest; sourceTree = BUILT_PRODUCTS_DIR; };
		5BE83BB0221F0AC1007AC793 /* iQuizTests.swift */ = {isa = PBXFileReference; lastKnownFileType = sourcecode.swift; path = iQuizTests.swift; sourceTree = "<group>"; };
		5BE83BB2221F0AC1007AC793 /* Info.plist */ = {isa = PBXFileReference; lastKnownFileType = text.plist.xml; path = Info.plist; sourceTree = "<group>"; };
		5BE83BB7221F0AC1007AC793 /* iQuizUITests.xctest */ = {isa = PBXFileReference; explicitFileType = wrapper.cfbundle; includeInIndex = 0; path = iQuizUITests.xctest; sourceTree = BUILT_PRODUCTS_DIR; };
		5BE83BBB221F0AC1007AC793 /* iQuizUITests.swift */ = {isa = PBXFileReference; lastKnownFileType = sourcecode.swift; path = iQuizUITests.swift; sourceTree = "<group>"; };
		5BE83BBD221F0AC1007AC793 /* Info.plist */ = {isa = PBXFileReference; lastKnownFileType = text.plist.xml; path = Info.plist; sourceTree = "<group>"; };
/* End PBXFileReference section */

/* Begin PBXFrameworksBuildPhase section */
		5BE83B95221F0AC0007AC793 /* Frameworks */ = {
			isa = PBXFrameworksBuildPhase;
			buildActionMask = 2147483647;
			files = (
			);
			runOnlyForDeploymentPostprocessing = 0;
		};
		5BE83BA9221F0AC1007AC793 /* Frameworks */ = {
			isa = PBXFrameworksBuildPhase;
			buildActionMask = 2147483647;
			files = (
			);
			runOnlyForDeploymentPostprocessing = 0;
		};
		5BE83BB4221F0AC1007AC793 /* Frameworks */ = {
			isa = PBXFrameworksBuildPhase;
			buildActionMask = 2147483647;
			files = (
			);
			runOnlyForDeploymentPostprocessing = 0;
		};
/* End PBXFrameworksBuildPhase section */

/* Begin PBXGroup section */
		5BE83B8F221F0ABF007AC793 = {
			isa = PBXGroup;
			children = (
				5BE83B9A221F0AC0007AC793 /* iQuiz */,
				5BE83BAF221F0AC1007AC793 /* iQuizTests */,
				5BE83BBA221F0AC1007AC793 /* iQuizUITests */,
				5BE83B99221F0AC0007AC793 /* Products */,
			);
			sourceTree = "<group>";
		};
		5BE83B99221F0AC0007AC793 /* Products */ = {
			isa = PBXGroup;
			children = (
				5BE83B98221F0AC0007AC793 /* iQuiz.app */,
				5BE83BAC221F0AC1007AC793 /* iQuizTests.xctest */,
				5BE83BB7221F0AC1007AC793 /* iQuizUITests.xctest */,
			);
			name = Products;
			sourceTree = "<group>";
		};
		5BE83B9A221F0AC0007AC793 /* iQuiz */ = {
			isa = PBXGroup;
			children = (
				5B435C872225AD270082ADCF /* reachability.swift */,
				5BE83B9B221F0AC0007AC793 /* AppDelegate.swift */,
				5BE83B9F221F0AC0007AC793 /* Main.storyboard */,
				5BE83B9D221F0AC0007AC793 /* ViewController.swift */,
				5B435C852225441C0082ADCF /* FinishedViewController.swift */,
				5B435C812224EC0C0082ADCF /* QuestionViewController.swift */,
				5BB557D42224CDF90094A68B /* QuizTableViewCell.swift */,
				5BE83BA2221F0AC1007AC793 /* Assets.xcassets */,
				5BE83BA4221F0AC1007AC793 /* LaunchScreen.storyboard */,
				5BE83BA7221F0AC1007AC793 /* Info.plist */,
				5B435C8322253F1E0082ADCF /* AnswerViewController.swift */,
			);
			path = iQuiz;
			sourceTree = "<group>";
		};
		5BE83BAF221F0AC1007AC793 /* iQuizTests */ = {
			isa = PBXGroup;
			children = (
				5BE83BB0221F0AC1007AC793 /* iQuizTests.swift */,
				5BE83BB2221F0AC1007AC793 /* Info.plist */,
			);
			path = iQuizTests;
			sourceTree = "<group>";
		};
		5BE83BBA221F0AC1007AC793 /* iQuizUITests */ = {
			isa = PBXGroup;
			children = (
				5BE83BBB221F0AC1007AC793 /* iQuizUITests.swift */,
				5BE83BBD221F0AC1007AC793 /* Info.plist */,
			);
			path = iQuizUITests;
			sourceTree = "<group>";
		};
/* End PBXGroup section */

/* Begin PBXNativeTarget section */
		5BE83B97221F0AC0007AC793 /* iQuiz */ = {
			isa = PBXNativeTarget;
			buildConfigurationList = 5BE83BC0221F0AC1007AC793 /* Build configuration list for PBXNativeTarget "iQuiz" */;
			buildPhases = (
				5BE83B94221F0AC0007AC793 /* Sources */,
				5BE83B95221F0AC0007AC793 /* Frameworks */,
				5BE83B96221F0AC0007AC793 /* Resources */,
			);
			buildRules = (
			);
			dependencies = (
			);
			name = iQuiz;
			productName = iQuiz;
			productReference = 5BE83B98221F0AC0007AC793 /* iQuiz.app */;
			productType = "com.apple.product-type.application";
		};
		5BE83BAB221F0AC1007AC793 /* iQuizTests */ = {
			isa = PBXNativeTarget;
			buildConfigurationList = 5BE83BC3221F0AC1007AC793 /* Build configuration list for PBXNativeTarget "iQuizTests" */;
			buildPhases = (
				5BE83BA8221F0AC1007AC793 /* Sources */,
				5BE83BA9221F0AC1007AC793 /* Frameworks */,
				5BE83BAA221F0AC1007AC793 /* Resources */,
			);
			buildRules = (
			);
			dependencies = (
				5BE83BAE221F0AC1007AC793 /* PBXTargetDependency */,
			);
			name = iQuizTests;
			productName = iQuizTests;
			productReference = 5BE83BAC221F0AC1007AC793 /* iQuizTests.xctest */;
			productType = "com.apple.product-type.bundle.unit-test";
		};
		5BE83BB6221F0AC1007AC793 /* iQuizUITests */ = {
			isa = PBXNativeTarget;
			buildConfigurationList = 5BE83BC6221F0AC1007AC793 /* Build configuration list for PBXNativeTarget "iQuizUITests" */;
			buildPhases = (
				5BE83BB3221F0AC1007AC793 /* Sources */,
				5BE83BB4221F0AC1007AC793 /* Frameworks */,
				5BE83BB5221F0AC1007AC793 /* Resources */,
			);
			buildRules = (
			);
			dependencies = (
				5BE83BB9221F0AC1007AC793 /* PBXTargetDependency */,
			);
			name = iQuizUITests;
			productName = iQuizUITests;
			productReference = 5BE83BB7221F0AC1007AC793 /* iQuizUITests.xctest */;
			productType = "com.apple.product-type.bundle.ui-testing";
		};
/* End PBXNativeTarget section */

/* Begin PBXProject section */
		5BE83B90221F0AC0007AC793 /* Project object */ = {
			isa = PBXProject;
			attributes = {
				LastSwiftUpdateCheck = 1010;
				LastUpgradeCheck = 1010;
				ORGANIZATIONNAME = "Phillip Park";
				TargetAttributes = {
					5BE83B97221F0AC0007AC793 = {
						CreatedOnToolsVersion = 10.1;
					};
					5BE83BAB221F0AC1007AC793 = {
						CreatedOnToolsVersion = 10.1;
						TestTargetID = 5BE83B97221F0AC0007AC793;
					};
					5BE83BB6221F0AC1007AC793 = {
						CreatedOnToolsVersion = 10.1;
						TestTargetID = 5BE83B97221F0AC0007AC793;
					};
				};
			};
			buildConfigurationList = 5BE83B93221F0AC0007AC793 /* Build configuration list for PBXProject "iQuiz" */;
			compatibilityVersion = "Xcode 9.3";
			developmentRegion = en;
			hasScannedForEncodings = 0;
			knownRegions = (
				en,
				Base,
			);
			mainGroup = 5BE83B8F221F0ABF007AC793;
			productRefGroup = 5BE83B99221F0AC0007AC793 /* Products */;
			projectDirPath = "";
			projectRoot = "";
			targets = (
				5BE83B97221F0AC0007AC793 /* iQuiz */,
				5BE83BAB221F0AC1007AC793 /* iQuizTests */,
				5BE83BB6221F0AC1007AC793 /* iQuizUITests */,
			);
		};
/* End PBXProject section */

/* Begin PBXResourcesBuildPhase section */
		5BE83B96221F0AC0007AC793 /* Resources */ = {
			isa = PBXResourcesBuildPhase;
			buildActionMask = 2147483647;
			files = (
				5BE83BA6221F0AC1007AC793 /* LaunchScreen.storyboard in Resources */,
				5BE83BA3221F0AC1007AC793 /* Assets.xcassets in Resources */,
				5BE83BA1221F0AC0007AC793 /* Main.storyboard in Resources */,
			);
			runOnlyForDeploymentPostprocessing = 0;
		};
		5BE83BAA221F0AC1007AC793 /* Resources */ = {
			isa = PBXResourcesBuildPhase;
			buildActionMask = 2147483647;
			files = (
			);
			runOnlyForDeploymentPostprocessing = 0;
		};
		5BE83BB5221F0AC1007AC793 /* Resources */ = {
			isa = PBXResourcesBuildPhase;
			buildActionMask = 2147483647;
			files = (
			);
			runOnlyForDeploymentPostprocessing = 0;
		};
/* End PBXResourcesBuildPhase section */

/* Begin PBXSourcesBuildPhase section */
		5BE83B94221F0AC0007AC793 /* Sources */ = {
			isa = PBXSourcesBuildPhase;
			buildActionMask = 2147483647;
			files = (
				5B435C862225441C0082ADCF /* FinishedViewController.swift in Sources */,
				5BE83B9E221F0AC0007AC793 /* ViewController.swift in Sources */,
				5B435C892225AD2B0082ADCF /* reachability.swift in Sources */,
				5BE83B9C221F0AC0007AC793 /* AppDelegate.swift in Sources */,
				5B435C8422253F1E0082ADCF /* AnswerViewController.swift in Sources */,
				5B435C822224EC0C0082ADCF /* QuestionViewController.swift in Sources */,
				5BB557D52224CDF90094A68B /* QuizTableViewCell.swift in Sources */,
			);
			runOnlyForDeploymentPostprocessing = 0;
		};
		5BE83BA8221F0AC1007AC793 /* Sources */ = {
			isa = PBXSourcesBuildPhase;
			buildActionMask = 2147483647;
			files = (
				5BE83BB1221F0AC1007AC793 /* iQuizTests.swift in Sources */,
			);
			runOnlyForDeploymentPostprocessing = 0;
		};
		5BE83BB3221F0AC1007AC793 /* Sources */ = {
			isa = PBXSourcesBuildPhase;
			buildActionMask = 2147483647;
			files = (
				5BE83BBC221F0AC1007AC793 /* iQuizUITests.swift in Sources */,
			);
			runOnlyForDeploymentPostprocessing = 0;
		};
/* End PBXSourcesBuildPhase section */

/* Begin PBXTargetDependency section */
		5BE83BAE221F0AC1007AC793 /* PBXTargetDependency */ = {
			isa = PBXTargetDependency;
			target = 5BE83B97221F0AC0007AC793 /* iQuiz */;
			targetProxy = 5BE83BAD221F0AC1007AC793 /* PBXContainerItemProxy */;
		};
		5BE83BB9221F0AC1007AC793 /* PBXTargetDependency */ = {
			isa = PBXTargetDependency;
			target = 5BE83B97221F0AC0007AC793 /* iQuiz */;
			targetProxy = 5BE83BB8221F0AC1007AC793 /* PBXContainerItemProxy */;
		};
/* End PBXTargetDependency section */

/* Begin PBXVariantGroup section */
		5BE83B9F221F0AC0007AC793 /* Main.storyboard */ = {
			isa = PBXVariantGroup;
			children = (
				5BE83BA0221F0AC0007AC793 /* Base */,
			);
			name = Main.storyboard;
			sourceTree = "<group>";
		};
		5BE83BA4221F0AC1007AC793 /* LaunchScreen.storyboard */ = {
			isa = PBXVariantGroup;
			children = (
				5BE83BA5221F0AC1007AC793 /* Base */,
			);
			name = LaunchScreen.storyboard;
			sourceTree = "<group>";
		};
/* End PBXVariantGroup section */

/* Begin XCBuildConfiguration section */
		5BE83BBE221F0AC1007AC793 /* Debug */ = {
			isa = XCBuildConfiguration;
			buildSettings = {
				ALWAYS_SEARCH_USER_PATHS = NO;
				CLANG_ANALYZER_NONNULL = YES;
				CLANG_ANALYZER_NUMBER_OBJECT_CONVERSION = YES_AGGRESSIVE;
				CLANG_CXX_LANGUAGE_STANDARD = "gnu++14";
				CLANG_CXX_LIBRARY = "libc++";
				CLANG_ENABLE_MODULES = YES;
				CLANG_ENABLE_OBJC_ARC = YES;
				CLANG_ENABLE_OBJC_WEAK = YES;
				CLANG_WARN_BLOCK_CAPTURE_AUTORELEASING = YES;
				CLANG_WARN_BOOL_CONVERSION = YES;
				CLANG_WARN_COMMA = YES;
				CLANG_WARN_CONSTANT_CONVERSION = YES;
				CLANG_WARN_DEPRECATED_OBJC_IMPLEMENTATIONS = YES;
				CLANG_WARN_DIRECT_OBJC_ISA_USAGE = YES_ERROR;
				CLANG_WARN_DOCUMENTATION_COMMENTS = YES;
				CLANG_WARN_EMPTY_BODY = YES;
				CLANG_WARN_ENUM_CONVERSION = YES;
				CLANG_WARN_INFINITE_RECURSION = YES;
				CLANG_WARN_INT_CONVERSION = YES;
				CLANG_WARN_NON_LITERAL_NULL_CONVERSION = YES;
				CLANG_WARN_OBJC_IMPLICIT_RETAIN_SELF = YES;
				CLANG_WARN_OBJC_LITERAL_CONVERSION = YES;
				CLANG_WARN_OBJC_ROOT_CLASS = YES_ERROR;
				CLANG_WARN_RANGE_LOOP_ANALYSIS = YES;
				CLANG_WARN_STRICT_PROTOTYPES = YES;
				CLANG_WARN_SUSPICIOUS_MOVE = YES;
				CLANG_WARN_UNGUARDED_AVAILABILITY = YES_AGGRESSIVE;
				CLANG_WARN_UNREACHABLE_CODE = YES;
				CLANG_WARN__DUPLICATE_METHOD_MATCH = YES;
				CODE_SIGN_IDENTITY = "iPhone Developer";
				COPY_PHASE_STRIP = NO;
				DEBUG_INFORMATION_FORMAT = dwarf;
				ENABLE_STRICT_OBJC_MSGSEND = YES;
				ENABLE_TESTABILITY = YES;
				GCC_C_LANGUAGE_STANDARD = gnu11;
				GCC_DYNAMIC_NO_PIC = NO;
				GCC_NO_COMMON_BLOCKS = YES;
				GCC_OPTIMIZATION_LEVEL = 0;
				GCC_PREPROCESSOR_DEFINITIONS = (
					"DEBUG=1",
					"$(inherited)",
				);
				GCC_WARN_64_TO_32_BIT_CONVERSION = YES;
				GCC_WARN_ABOUT_RETURN_TYPE = YES_ERROR;
				GCC_WARN_UNDECLARED_SELECTOR = YES;
				GCC_WARN_UNINITIALIZED_AUTOS = YES_AGGRESSIVE;
				GCC_WARN_UNUSED_FUNCTION = YES;
				GCC_WARN_UNUSED_VARIABLE = YES;
				IPHONEOS_DEPLOYMENT_TARGET = 12.1;
				MTL_ENABLE_DEBUG_INFO = INCLUDE_SOURCE;
				MTL_FAST_MATH = YES;
				ONLY_ACTIVE_ARCH = YES;
				SDKROOT = iphoneos;
				SWIFT_ACTIVE_COMPILATION_CONDITIONS = DEBUG;
				SWIFT_OPTIMIZATION_LEVEL = "-Onone";
			};
			name = Debug;
		};
		5BE83BBF221F0AC1007AC793 /* Release */ = {
			isa = XCBuildConfiguration;
			buildSettings = {
				ALWAYS_SEARCH_USER_PATHS = NO;
				CLANG_ANALYZER_NONNULL = YES;
				CLANG_ANALYZER_NUMBER_OBJECT_CONVERSION = YES_AGGRESSIVE;
				CLANG_CXX_LANGUAGE_STANDARD = "gnu++14";
				CLANG_CXX_LIBRARY = "libc++";
				CLANG_ENABLE_MODULES = YES;
				CLANG_ENABLE_OBJC_ARC = YES;
				CLANG_ENABLE_OBJC_WEAK = YES;
				CLANG_WARN_BLOCK_CAPTURE_AUTORELEASING = YES;
				CLANG_WARN_BOOL_CONVERSION = YES;
				CLANG_WARN_COMMA = YES;
				CLANG_WARN_CONSTANT_CONVERSION = YES;
				CLANG_WARN_DEPRECATED_OBJC_IMPLEMENTATIONS = YES;
				CLANG_WARN_DIRECT_OBJC_ISA_USAGE = YES_ERROR;
				CLANG_WARN_DOCUMENTATION_COMMENTS = YES;
				CLANG_WARN_EMPTY_BODY = YES;
				CLANG_WARN_ENUM_CONVERSION = YES;
				CLANG_WARN_INFINITE_RECURSION = YES;
				CLANG_WARN_INT_CONVERSION = YES;
				CLANG_WARN_NON_LITERAL_NULL_CONVERSION = YES;
				CLANG_WARN_OBJC_IMPLICIT_RETAIN_SELF = YES;
				CLANG_WARN_OBJC_LITERAL_CONVERSION = YES;
				CLANG_WARN_OBJC_ROOT_CLASS = YES_ERROR;
				CLANG_WARN_RANGE_LOOP_ANALYSIS = YES;
				CLANG_WARN_STRICT_PROTOTYPES = YES;
				CLANG_WARN_SUSPICIOUS_MOVE = YES;
				CLANG_WARN_UNGUARDED_AVAILABILITY = YES_AGGRESSIVE;
				CLANG_WARN_UNREACHABLE_CODE = YES;
				CLANG_WARN__DUPLICATE_METHOD_MATCH = YES;
				CODE_SIGN_IDENTITY = "iPhone Developer";
				COPY_PHASE_STRIP = NO;
				DEBUG_INFORMATION_FORMAT = "dwarf-with-dsym";
				ENABLE_NS_ASSERTIONS = NO;
				ENABLE_STRICT_OBJC_MSGSEND = YES;
				GCC_C_LANGUAGE_STANDARD = gnu11;
				GCC_NO_COMMON_BLOCKS = YES;
				GCC_WARN_64_TO_32_BIT_CONVERSION = YES;
				GCC_WARN_ABOUT_RETURN_TYPE = YES_ERROR;
				GCC_WARN_UNDECLARED_SELECTOR = YES;
				GCC_WARN_UNINITIALIZED_AUTOS = YES_AGGRESSIVE;
				GCC_WARN_UNUSED_FUNCTION = YES;
				GCC_WARN_UNUSED_VARIABLE = YES;
				IPHONEOS_DEPLOYMENT_TARGET = 12.1;
				MTL_ENABLE_DEBUG_INFO = NO;
				MTL_FAST_MATH = YES;
				SDKROOT = iphoneos;
				SWIFT_COMPILATION_MODE = wholemodule;
				SWIFT_OPTIMIZATION_LEVEL = "-O";
				VALIDATE_PRODUCT = YES;
			};
			name = Release;
		};
		5BE83BC1221F0AC1007AC793 /* Debug */ = {
			isa = XCBuildConfiguration;
			buildSettings = {
				ASSETCATALOG_COMPILER_APPICON_NAME = AppIcon;
				CODE_SIGN_STYLE = Automatic;
				DEVELOPMENT_TEAM = 2L78XPAZML;
				INFOPLIST_FILE = iQuiz/Info.plist;
				LD_RUNPATH_SEARCH_PATHS = (
					"$(inherited)",
					"@executable_path/Frameworks",
				);
				PRODUCT_BUNDLE_IDENTIFIER = com.phillippark.iQuiz;
				PRODUCT_NAME = "$(TARGET_NAME)";
				SWIFT_VERSION = 4.2;
				TARGETED_DEVICE_FAMILY = "1,2";
			};
			name = Debug;
		};
		5BE83BC2221F0AC1007AC793 /* Release */ = {
			isa = XCBuildConfiguration;
			buildSettings = {
				ASSETCATALOG_COMPILER_APPICON_NAME = AppIcon;
				CODE_SIGN_STYLE = Automatic;
				DEVELOPMENT_TEAM = 2L78XPAZML;
				INFOPLIST_FILE = iQuiz/Info.plist;
				LD_RUNPATH_SEARCH_PATHS = (
					"$(inherited)",
					"@executable_path/Frameworks",
				);
				PRODUCT_BUNDLE_IDENTIFIER = com.phillippark.iQuiz;
				PRODUCT_NAME = "$(TARGET_NAME)";
				SWIFT_VERSION = 4.2;
				TARGETED_DEVICE_FAMILY = "1,2";
			};
			name = Release;
		};
		5BE83BC4221F0AC1007AC793 /* Debug */ = {
			isa = XCBuildConfiguration;
			buildSettings = {
				ALWAYS_EMBED_SWIFT_STANDARD_LIBRARIES = YES;
				BUNDLE_LOADER = "$(TEST_HOST)";
				CODE_SIGN_STYLE = Automatic;
				DEVELOPMENT_TEAM = 2L78XPAZML;
				INFOPLIST_FILE = iQuizTests/Info.plist;
				LD_RUNPATH_SEARCH_PATHS = (
					"$(inherited)",
					"@executable_path/Frameworks",
					"@loader_path/Frameworks",
				);
				PRODUCT_BUNDLE_IDENTIFIER = com.phillippark.iQuizTests;
				PRODUCT_NAME = "$(TARGET_NAME)";
				SWIFT_VERSION = 4.2;
				TARGETED_DEVICE_FAMILY = "1,2";
				TEST_HOST = "$(BUILT_PRODUCTS_DIR)/iQuiz.app/iQuiz";
			};
			name = Debug;
		};
		5BE83BC5221F0AC1007AC793 /* Release */ = {
			isa = XCBuildConfiguration;
			buildSettings = {
				ALWAYS_EMBED_SWIFT_STANDARD_LIBRARIES = YES;
				BUNDLE_LOADER = "$(TEST_HOST)";
				CODE_SIGN_STYLE = Automatic;
				DEVELOPMENT_TEAM = 2L78XPAZML;
				INFOPLIST_FILE = iQuizTests/Info.plist;
				LD_RUNPATH_SEARCH_PATHS = (
					"$(inherited)",
					"@executable_path/Frameworks",
					"@loader_path/Frameworks",
				);
				PRODUCT_BUNDLE_IDENTIFIER = com.phillippark.iQuizTests;
				PRODUCT_NAME = "$(TARGET_NAME)";
				SWIFT_VERSION = 4.2;
				TARGETED_DEVICE_FAMILY = "1,2";
				TEST_HOST = "$(BUILT_PRODUCTS_DIR)/iQuiz.app/iQuiz";
			};
			name = Release;
		};
		5BE83BC7221F0AC1007AC793 /* Debug */ = {
			isa = XCBuildConfiguration;
			buildSettings = {
				ALWAYS_EMBED_SWIFT_STANDARD_LIBRARIES = YES;
				CODE_SIGN_STYLE = Automatic;
				DEVELOPMENT_TEAM = 2L78XPAZML;
				INFOPLIST_FILE = iQuizUITests/Info.plist;
				LD_RUNPATH_SEARCH_PATHS = (
					"$(inherited)",
					"@executable_path/Frameworks",
					"@loader_path/Frameworks",
				);
				PRODUCT_BUNDLE_IDENTIFIER = com.phillippark.iQuizUITests;
				PRODUCT_NAME = "$(TARGET_NAME)";
				SWIFT_VERSION = 4.2;
				TARGETED_DEVICE_FAMILY = "1,2";
				TEST_TARGET_NAME = iQuiz;
			};
			name = Debug;
		};
		5BE83BC8221F0AC1007AC793 /* Release */ = {
			isa = XCBuildConfiguration;
			buildSettings = {
				ALWAYS_EMBED_SWIFT_STANDARD_LIBRARIES = YES;
				CODE_SIGN_STYLE = Automatic;
				DEVELOPMENT_TEAM = 2L78XPAZML;
				INFOPLIST_FILE = iQuizUITests/Info.plist;
				LD_RUNPATH_SEARCH_PATHS = (
					"$(inherited)",
					"@executable_path/Frameworks",
					"@loader_path/Frameworks",
				);
				PRODUCT_BUNDLE_IDENTIFIER = com.phillippark.iQuizUITests;
				PRODUCT_NAME = "$(TARGET_NAME)";
				SWIFT_VERSION = 4.2;
				TARGETED_DEVICE_FAMILY = "1,2";
				TEST_TARGET_NAME = iQuiz;
			};
			name = Release;
		};
/* End XCBuildConfiguration section */

/* Begin XCConfigurationList section */
		5BE83B93221F0AC0007AC793 /* Build configuration list for PBXProject "iQuiz" */ = {
			isa = XCConfigurationList;
			buildConfigurations = (
				5BE83BBE221F0AC1007AC793 /* Debug */,
				5BE83BBF221F0AC1007AC793 /* Release */,
			);
			defaultConfigurationIsVisible = 0;
			defaultConfigurationName = Release;
		};
		5BE83BC0221F0AC1007AC793 /* Build configuration list for PBXNativeTarget "iQuiz" */ = {
			isa = XCConfigurationList;
			buildConfigurations = (
				5BE83BC1221F0AC1007AC793 /* Debug */,
				5BE83BC2221F0AC1007AC793 /* Release */,
			);
			defaultConfigurationIsVisible = 0;
			defaultConfigurationName = Release;
		};
		5BE83BC3221F0AC1007AC793 /* Build configuration list for PBXNativeTarget "iQuizTests" */ = {
			isa = XCConfigurationList;
			buildConfigurations = (
				5BE83BC4221F0AC1007AC793 /* Debug */,
				5BE83BC5221F0AC1007AC793 /* Release */,
			);
			defaultConfigurationIsVisible = 0;
			defaultConfigurationName = Release;
		};
		5BE83BC6221F0AC1007AC793 /* Build configuration list for PBXNativeTarget "iQuizUITests" */ = {
			isa = XCConfigurationList;
			buildConfigurations = (
				5BE83BC7221F0AC1007AC793 /* Debug */,
				5BE83BC8221F0AC1007AC793 /* Release */,
			);
			defaultConfigurationIsVisible = 0;
			defaultConfigurationName = Release;
		};
/* End XCConfigurationList section */
	};
	rootObject = 5BE83B90221F0AC0007AC793 /* Project object */;
}
